// !$*UTF8*$!
{
	archiveVersion = 1;
	classes = {
	};
	objectVersion = 50;
	objects = {

/* Begin PBXBuildFile section */
		0AC9705D72957729F022FB24 /* Pods_AhitatUITests.framework in Frameworks */ = {isa = PBXBuildFile; fileRef = 0E441E8149E5EA377FADD5F9 /* Pods_AhitatUITests.framework */; };
		0F057E4921D39ACF002559F2 /* CustomView.swift in Sources */ = {isa = PBXBuildFile; fileRef = 0F057E4821D39ACF002559F2 /* CustomView.swift */; };
		0F057E4C21D39B11002559F2 /* CalendarView.swift in Sources */ = {isa = PBXBuildFile; fileRef = 0F057E4B21D39B11002559F2 /* CalendarView.swift */; };
		0F057E4E21D39B29002559F2 /* CalendarView.xib in Resources */ = {isa = PBXBuildFile; fileRef = 0F057E4D21D39B29002559F2 /* CalendarView.xib */; };
		0F057E5021D39BB2002559F2 /* Box.swift in Sources */ = {isa = PBXBuildFile; fileRef = 0F057E4F21D39BB2002559F2 /* Box.swift */; };
		0F057E5421D3A239002559F2 /* Localizable.strings in Resources */ = {isa = PBXBuildFile; fileRef = 0F057E5621D3A239002559F2 /* Localizable.strings */; };
		0F057E5821D3A498002559F2 /* Ahitat + UIColor.swift in Sources */ = {isa = PBXBuildFile; fileRef = 0F057E5721D3A498002559F2 /* Ahitat + UIColor.swift */; };
		0F057E5A21D3A4CC002559F2 /* Ahitat + UIFont.swift in Sources */ = {isa = PBXBuildFile; fileRef = 0F057E5921D3A4CC002559F2 /* Ahitat + UIFont.swift */; };
		0F3B5D9D214C435500B93F54 /* AppDelegate.swift in Sources */ = {isa = PBXBuildFile; fileRef = 0F3B5D9C214C435500B93F54 /* AppDelegate.swift */; };
		0F3B5DA4214C435600B93F54 /* Assets.xcassets in Resources */ = {isa = PBXBuildFile; fileRef = 0F3B5DA3214C435600B93F54 /* Assets.xcassets */; };
		0F3B5DA7214C435600B93F54 /* LaunchScreen.storyboard in Resources */ = {isa = PBXBuildFile; fileRef = 0F3B5DA5214C435600B93F54 /* LaunchScreen.storyboard */; };
		0F3B5DB2214C435600B93F54 /* AhitatTests.swift in Sources */ = {isa = PBXBuildFile; fileRef = 0F3B5DB1214C435600B93F54 /* AhitatTests.swift */; };
		0F3B5DBD214C435600B93F54 /* AhitatUITests.swift in Sources */ = {isa = PBXBuildFile; fileRef = 0F3B5DBC214C435600B93F54 /* AhitatUITests.swift */; };
		0F3B5DCE214C4F6C00B93F54 /* MainViewController.swift in Sources */ = {isa = PBXBuildFile; fileRef = 0F3B5DCC214C4F6C00B93F54 /* MainViewController.swift */; };
		0F3B5DCF214C4F6C00B93F54 /* MainViewController.xib in Resources */ = {isa = PBXBuildFile; fileRef = 0F3B5DCD214C4F6C00B93F54 /* MainViewController.xib */; };
		0F3B5DD2214C521E00B93F54 /* MenuViewController.swift in Sources */ = {isa = PBXBuildFile; fileRef = 0F3B5DD0214C521E00B93F54 /* MenuViewController.swift */; };
		0F3B5DD3214C521E00B93F54 /* MenuViewController.xib in Resources */ = {isa = PBXBuildFile; fileRef = 0F3B5DD1214C521E00B93F54 /* MenuViewController.xib */; };
		0F3B5DD5214CFD7000B93F54 /* Ahitat + UINavigationController.swift in Sources */ = {isa = PBXBuildFile; fileRef = 0F3B5DD4214CFD7000B93F54 /* Ahitat + UINavigationController.swift */; };
		0F3B5DD7214D0A5000B93F54 /* devotional2017.sqlite in Resources */ = {isa = PBXBuildFile; fileRef = 0F3B5DD6214D0A4F00B93F54 /* devotional2017.sqlite */; };
		0F3B5DDB214D0C6700B93F54 /* DatabaseHandler.swift in Sources */ = {isa = PBXBuildFile; fileRef = 0F3B5DDA214D0C6700B93F54 /* DatabaseHandler.swift */; };
		0F3B5DDE214D0D2F00B93F54 /* Meditation.swift in Sources */ = {isa = PBXBuildFile; fileRef = 0F3B5DDD214D0D2F00B93F54 /* Meditation.swift */; };
		0F3B5DE0214E890E00B93F54 /* DailyMeditation.swift in Sources */ = {isa = PBXBuildFile; fileRef = 0F3B5DDF214E890E00B93F54 /* DailyMeditation.swift */; };
		1F0AA631C783D9F193475A34 /* Pods_Ahitat.framework in Frameworks */ = {isa = PBXBuildFile; fileRef = C5D5B0DE9FCA05A02B352B7E /* Pods_Ahitat.framework */; };
		1F99FB93D3D1A62090364ED4 /* Pods_AhitatTests.framework in Frameworks */ = {isa = PBXBuildFile; fileRef = 2F5D43F57293EFCB77FE1260 /* Pods_AhitatTests.framework */; };
/* End PBXBuildFile section */

/* Begin PBXContainerItemProxy section */
		0F3B5DAE214C435600B93F54 /* PBXContainerItemProxy */ = {
			isa = PBXContainerItemProxy;
			containerPortal = 0F3B5D91214C435500B93F54 /* Project object */;
			proxyType = 1;
			remoteGlobalIDString = 0F3B5D98214C435500B93F54;
			remoteInfo = Ahitat;
		};
		0F3B5DB9214C435600B93F54 /* PBXContainerItemProxy */ = {
			isa = PBXContainerItemProxy;
			containerPortal = 0F3B5D91214C435500B93F54 /* Project object */;
			proxyType = 1;
			remoteGlobalIDString = 0F3B5D98214C435500B93F54;
			remoteInfo = Ahitat;
		};
/* End PBXContainerItemProxy section */

/* Begin PBXFileReference section */
		0E441E8149E5EA377FADD5F9 /* Pods_AhitatUITests.framework */ = {isa = PBXFileReference; explicitFileType = wrapper.framework; includeInIndex = 0; path = Pods_AhitatUITests.framework; sourceTree = BUILT_PRODUCTS_DIR; };
		0F057E4821D39ACF002559F2 /* CustomView.swift */ = {isa = PBXFileReference; fileEncoding = 4; lastKnownFileType = sourcecode.swift; path = CustomView.swift; sourceTree = "<group>"; };
		0F057E4B21D39B11002559F2 /* CalendarView.swift */ = {isa = PBXFileReference; lastKnownFileType = sourcecode.swift; path = CalendarView.swift; sourceTree = "<group>"; };
		0F057E4D21D39B29002559F2 /* CalendarView.xib */ = {isa = PBXFileReference; lastKnownFileType = file.xib; path = CalendarView.xib; sourceTree = "<group>"; };
		0F057E4F21D39BB2002559F2 /* Box.swift */ = {isa = PBXFileReference; fileEncoding = 4; lastKnownFileType = sourcecode.swift; path = Box.swift; sourceTree = "<group>"; };
		0F057E5121D3A1F6002559F2 /* hu-HU */ = {isa = PBXFileReference; lastKnownFileType = text.plist.strings; name = "hu-HU"; path = "hu-HU.lproj/LaunchScreen.strings"; sourceTree = "<group>"; };
		0F057E5521D3A239002559F2 /* hu-HU */ = {isa = PBXFileReference; lastKnownFileType = text.plist.strings; name = "hu-HU"; path = "hu-HU.lproj/Localizable.strings"; sourceTree = "<group>"; };
		0F057E5721D3A498002559F2 /* Ahitat + UIColor.swift */ = {isa = PBXFileReference; lastKnownFileType = sourcecode.swift; path = "Ahitat + UIColor.swift"; sourceTree = "<group>"; };
		0F057E5921D3A4CC002559F2 /* Ahitat + UIFont.swift */ = {isa = PBXFileReference; lastKnownFileType = sourcecode.swift; path = "Ahitat + UIFont.swift"; sourceTree = "<group>"; };
		0F3B5D99214C435500B93F54 /* Ahitat.app */ = {isa = PBXFileReference; explicitFileType = wrapper.application; includeInIndex = 0; path = Ahitat.app; sourceTree = BUILT_PRODUCTS_DIR; };
		0F3B5D9C214C435500B93F54 /* AppDelegate.swift */ = {isa = PBXFileReference; lastKnownFileType = sourcecode.swift; path = AppDelegate.swift; sourceTree = "<group>"; };
		0F3B5DA3214C435600B93F54 /* Assets.xcassets */ = {isa = PBXFileReference; lastKnownFileType = folder.assetcatalog; path = Assets.xcassets; sourceTree = "<group>"; };
		0F3B5DA6214C435600B93F54 /* Base */ = {isa = PBXFileReference; lastKnownFileType = file.storyboard; name = Base; path = Base.lproj/LaunchScreen.storyboard; sourceTree = "<group>"; };
		0F3B5DA8214C435600B93F54 /* Info.plist */ = {isa = PBXFileReference; lastKnownFileType = text.plist.xml; path = Info.plist; sourceTree = "<group>"; };
		0F3B5DAD214C435600B93F54 /* AhitatTests.xctest */ = {isa = PBXFileReference; explicitFileType = wrapper.cfbundle; includeInIndex = 0; path = AhitatTests.xctest; sourceTree = BUILT_PRODUCTS_DIR; };
		0F3B5DB1214C435600B93F54 /* AhitatTests.swift */ = {isa = PBXFileReference; lastKnownFileType = sourcecode.swift; path = AhitatTests.swift; sourceTree = "<group>"; };
		0F3B5DB3214C435600B93F54 /* Info.plist */ = {isa = PBXFileReference; lastKnownFileType = text.plist.xml; path = Info.plist; sourceTree = "<group>"; };
		0F3B5DB8214C435600B93F54 /* AhitatUITests.xctest */ = {isa = PBXFileReference; explicitFileType = wrapper.cfbundle; includeInIndex = 0; path = AhitatUITests.xctest; sourceTree = BUILT_PRODUCTS_DIR; };
		0F3B5DBC214C435600B93F54 /* AhitatUITests.swift */ = {isa = PBXFileReference; lastKnownFileType = sourcecode.swift; path = AhitatUITests.swift; sourceTree = "<group>"; };
		0F3B5DBE214C435600B93F54 /* Info.plist */ = {isa = PBXFileReference; lastKnownFileType = text.plist.xml; path = Info.plist; sourceTree = "<group>"; };
		0F3B5DCC214C4F6C00B93F54 /* MainViewController.swift */ = {isa = PBXFileReference; lastKnownFileType = sourcecode.swift; path = MainViewController.swift; sourceTree = "<group>"; };
		0F3B5DCD214C4F6C00B93F54 /* MainViewController.xib */ = {isa = PBXFileReference; lastKnownFileType = file.xib; path = MainViewController.xib; sourceTree = "<group>"; };
		0F3B5DD0214C521E00B93F54 /* MenuViewController.swift */ = {isa = PBXFileReference; lastKnownFileType = sourcecode.swift; path = MenuViewController.swift; sourceTree = "<group>"; };
		0F3B5DD1214C521E00B93F54 /* MenuViewController.xib */ = {isa = PBXFileReference; lastKnownFileType = file.xib; path = MenuViewController.xib; sourceTree = "<group>"; };
		0F3B5DD4214CFD7000B93F54 /* Ahitat + UINavigationController.swift */ = {isa = PBXFileReference; lastKnownFileType = sourcecode.swift; path = "Ahitat + UINavigationController.swift"; sourceTree = "<group>"; };
		0F3B5DD6214D0A4F00B93F54 /* devotional2017.sqlite */ = {isa = PBXFileReference; lastKnownFileType = file; path = devotional2017.sqlite; sourceTree = "<group>"; };
		0F3B5DDA214D0C6700B93F54 /* DatabaseHandler.swift */ = {isa = PBXFileReference; lastKnownFileType = sourcecode.swift; path = DatabaseHandler.swift; sourceTree = "<group>"; };
		0F3B5DDD214D0D2F00B93F54 /* Meditation.swift */ = {isa = PBXFileReference; lastKnownFileType = sourcecode.swift; path = Meditation.swift; sourceTree = "<group>"; };
		0F3B5DDF214E890E00B93F54 /* DailyMeditation.swift */ = {isa = PBXFileReference; lastKnownFileType = sourcecode.swift; path = DailyMeditation.swift; sourceTree = "<group>"; };
		2F5D43F57293EFCB77FE1260 /* Pods_AhitatTests.framework */ = {isa = PBXFileReference; explicitFileType = wrapper.framework; includeInIndex = 0; path = Pods_AhitatTests.framework; sourceTree = BUILT_PRODUCTS_DIR; };
		34D5302D79E059E9A99A295E /* Pods-AhitatUITests.release.xcconfig */ = {isa = PBXFileReference; includeInIndex = 1; lastKnownFileType = text.xcconfig; name = "Pods-AhitatUITests.release.xcconfig"; path = "Pods/Target Support Files/Pods-AhitatUITests/Pods-AhitatUITests.release.xcconfig"; sourceTree = "<group>"; };
		353D3B72D34834E3F82CE665 /* Pods-Ahitat.release.xcconfig */ = {isa = PBXFileReference; includeInIndex = 1; lastKnownFileType = text.xcconfig; name = "Pods-Ahitat.release.xcconfig"; path = "Pods/Target Support Files/Pods-Ahitat/Pods-Ahitat.release.xcconfig"; sourceTree = "<group>"; };
		8409BFBE338F845E044BFB58 /* Pods-AhitatTests.debug.xcconfig */ = {isa = PBXFileReference; includeInIndex = 1; lastKnownFileType = text.xcconfig; name = "Pods-AhitatTests.debug.xcconfig"; path = "Pods/Target Support Files/Pods-AhitatTests/Pods-AhitatTests.debug.xcconfig"; sourceTree = "<group>"; };
		A6F18AFE734C4EA497A2D072 /* Pods-AhitatTests.release.xcconfig */ = {isa = PBXFileReference; includeInIndex = 1; lastKnownFileType = text.xcconfig; name = "Pods-AhitatTests.release.xcconfig"; path = "Pods/Target Support Files/Pods-AhitatTests/Pods-AhitatTests.release.xcconfig"; sourceTree = "<group>"; };
		B36FEAD06D1B26A2D3C2B6F3 /* Pods-AhitatUITests.debug.xcconfig */ = {isa = PBXFileReference; includeInIndex = 1; lastKnownFileType = text.xcconfig; name = "Pods-AhitatUITests.debug.xcconfig"; path = "Pods/Target Support Files/Pods-AhitatUITests/Pods-AhitatUITests.debug.xcconfig"; sourceTree = "<group>"; };
		C5D5B0DE9FCA05A02B352B7E /* Pods_Ahitat.framework */ = {isa = PBXFileReference; explicitFileType = wrapper.framework; includeInIndex = 0; path = Pods_Ahitat.framework; sourceTree = BUILT_PRODUCTS_DIR; };
		FB0D583666858D87A4597266 /* Pods-Ahitat.debug.xcconfig */ = {isa = PBXFileReference; includeInIndex = 1; lastKnownFileType = text.xcconfig; name = "Pods-Ahitat.debug.xcconfig"; path = "Pods/Target Support Files/Pods-Ahitat/Pods-Ahitat.debug.xcconfig"; sourceTree = "<group>"; };
/* End PBXFileReference section */

/* Begin PBXFrameworksBuildPhase section */
		0F3B5D96214C435500B93F54 /* Frameworks */ = {
			isa = PBXFrameworksBuildPhase;
			buildActionMask = 2147483647;
			files = (
				1F0AA631C783D9F193475A34 /* Pods_Ahitat.framework in Frameworks */,
			);
			runOnlyForDeploymentPostprocessing = 0;
		};
		0F3B5DAA214C435600B93F54 /* Frameworks */ = {
			isa = PBXFrameworksBuildPhase;
			buildActionMask = 2147483647;
			files = (
				1F99FB93D3D1A62090364ED4 /* Pods_AhitatTests.framework in Frameworks */,
			);
			runOnlyForDeploymentPostprocessing = 0;
		};
		0F3B5DB5214C435600B93F54 /* Frameworks */ = {
			isa = PBXFrameworksBuildPhase;
			buildActionMask = 2147483647;
			files = (
				0AC9705D72957729F022FB24 /* Pods_AhitatUITests.framework in Frameworks */,
			);
			runOnlyForDeploymentPostprocessing = 0;
		};
/* End PBXFrameworksBuildPhase section */

/* Begin PBXGroup section */
		0F057E4A21D39AD2002559F2 /* Components */ = {
			isa = PBXGroup;
			children = (
				0F057E4F21D39BB2002559F2 /* Box.swift */,
				0F057E4821D39ACF002559F2 /* CustomView.swift */,
				0F057E4B21D39B11002559F2 /* CalendarView.swift */,
				0F057E4D21D39B29002559F2 /* CalendarView.xib */,
			);
			path = Components;
			sourceTree = "<group>";
		};
		0F3B5D90214C435500B93F54 = {
			isa = PBXGroup;
			children = (
				0F3B5D9B214C435500B93F54 /* Ahitat */,
				0F3B5DB0214C435600B93F54 /* AhitatTests */,
				0F3B5DBB214C435600B93F54 /* AhitatUITests */,
				0F3B5D9A214C435500B93F54 /* Products */,
				38E6B7547CEA8DAA2A04BAEA /* Pods */,
				235DECA7FBAEB369464C27A3 /* Frameworks */,
			);
			sourceTree = "<group>";
		};
		0F3B5D9A214C435500B93F54 /* Products */ = {
			isa = PBXGroup;
			children = (
				0F3B5D99214C435500B93F54 /* Ahitat.app */,
				0F3B5DAD214C435600B93F54 /* AhitatTests.xctest */,
				0F3B5DB8214C435600B93F54 /* AhitatUITests.xctest */,
			);
			name = Products;
			sourceTree = "<group>";
		};
		0F3B5D9B214C435500B93F54 /* Ahitat */ = {
			isa = PBXGroup;
			children = (
				0F057E5621D3A239002559F2 /* Localizable.strings */,
				0F3B5D9C214C435500B93F54 /* AppDelegate.swift */,
				0F3B5DCC214C4F6C00B93F54 /* MainViewController.swift */,
				0F3B5DCD214C4F6C00B93F54 /* MainViewController.xib */,
				0F3B5DD9214D0C2C00B93F54 /* Resources */,
				0F3B5DA3214C435600B93F54 /* Assets.xcassets */,
				0F3B5DA5214C435600B93F54 /* LaunchScreen.storyboard */,
				0F057E4A21D39AD2002559F2 /* Components */,
				0F3B5DA8214C435600B93F54 /* Info.plist */,
				0F3B5DD0214C521E00B93F54 /* MenuViewController.swift */,
				0F3B5DD1214C521E00B93F54 /* MenuViewController.xib */,
				0F3B5DD8214D0C2200B93F54 /* Extensions */,
				0F3B5DDC214D0C8B00B93F54 /* Models */,
			);
			path = Ahitat;
			sourceTree = "<group>";
		};
		0F3B5DB0214C435600B93F54 /* AhitatTests */ = {
			isa = PBXGroup;
			children = (
				0F3B5DB1214C435600B93F54 /* AhitatTests.swift */,
				0F3B5DB3214C435600B93F54 /* Info.plist */,
			);
			path = AhitatTests;
			sourceTree = "<group>";
		};
		0F3B5DBB214C435600B93F54 /* AhitatUITests */ = {
			isa = PBXGroup;
			children = (
				0F3B5DBC214C435600B93F54 /* AhitatUITests.swift */,
				0F3B5DBE214C435600B93F54 /* Info.plist */,
			);
			path = AhitatUITests;
			sourceTree = "<group>";
		};
		0F3B5DD8214D0C2200B93F54 /* Extensions */ = {
			isa = PBXGroup;
			children = (
				0F3B5DD4214CFD7000B93F54 /* Ahitat + UINavigationController.swift */,
				0F057E5721D3A498002559F2 /* Ahitat + UIColor.swift */,
				0F057E5921D3A4CC002559F2 /* Ahitat + UIFont.swift */,
			);
			path = Extensions;
			sourceTree = "<group>";
		};
		0F3B5DD9214D0C2C00B93F54 /* Resources */ = {
			isa = PBXGroup;
			children = (
				0F3B5DD6214D0A4F00B93F54 /* devotional2017.sqlite */,
			);
			path = Resources;
			sourceTree = "<group>";
		};
		0F3B5DDC214D0C8B00B93F54 /* Models */ = {
			isa = PBXGroup;
			children = (
				0F3B5DDA214D0C6700B93F54 /* DatabaseHandler.swift */,
				0F3B5DDD214D0D2F00B93F54 /* Meditation.swift */,
				0F3B5DDF214E890E00B93F54 /* DailyMeditation.swift */,
			);
			path = Models;
			sourceTree = "<group>";
		};
		235DECA7FBAEB369464C27A3 /* Frameworks */ = {
			isa = PBXGroup;
			children = (
				C5D5B0DE9FCA05A02B352B7E /* Pods_Ahitat.framework */,
				2F5D43F57293EFCB77FE1260 /* Pods_AhitatTests.framework */,
				0E441E8149E5EA377FADD5F9 /* Pods_AhitatUITests.framework */,
			);
			name = Frameworks;
			sourceTree = "<group>";
		};
		38E6B7547CEA8DAA2A04BAEA /* Pods */ = {
			isa = PBXGroup;
			children = (
				FB0D583666858D87A4597266 /* Pods-Ahitat.debug.xcconfig */,
				353D3B72D34834E3F82CE665 /* Pods-Ahitat.release.xcconfig */,
				8409BFBE338F845E044BFB58 /* Pods-AhitatTests.debug.xcconfig */,
				A6F18AFE734C4EA497A2D072 /* Pods-AhitatTests.release.xcconfig */,
				B36FEAD06D1B26A2D3C2B6F3 /* Pods-AhitatUITests.debug.xcconfig */,
				34D5302D79E059E9A99A295E /* Pods-AhitatUITests.release.xcconfig */,
			);
			name = Pods;
			sourceTree = "<group>";
		};
/* End PBXGroup section */

/* Begin PBXNativeTarget section */
		0F3B5D98214C435500B93F54 /* Ahitat */ = {
			isa = PBXNativeTarget;
			buildConfigurationList = 0F3B5DC1214C435600B93F54 /* Build configuration list for PBXNativeTarget "Ahitat" */;
			buildPhases = (
				A142E7EF0D0721F2C3AF6FF3 /* [CP] Check Pods Manifest.lock */,
				0F3B5D95214C435500B93F54 /* Sources */,
				0F3B5D96214C435500B93F54 /* Frameworks */,
				0F3B5D97214C435500B93F54 /* Resources */,
				76C986C41EEE168DB879CC16 /* [CP] Embed Pods Frameworks */,
			);
			buildRules = (
			);
			dependencies = (
			);
			name = Ahitat;
			productName = Ahitat;
			productReference = 0F3B5D99214C435500B93F54 /* Ahitat.app */;
			productType = "com.apple.product-type.application";
		};
		0F3B5DAC214C435600B93F54 /* AhitatTests */ = {
			isa = PBXNativeTarget;
			buildConfigurationList = 0F3B5DC4214C435600B93F54 /* Build configuration list for PBXNativeTarget "AhitatTests" */;
			buildPhases = (
				67FE26574132E7F393A18A58 /* [CP] Check Pods Manifest.lock */,
				0F3B5DA9214C435600B93F54 /* Sources */,
				0F3B5DAA214C435600B93F54 /* Frameworks */,
				0F3B5DAB214C435600B93F54 /* Resources */,
			);
			buildRules = (
			);
			dependencies = (
				0F3B5DAF214C435600B93F54 /* PBXTargetDependency */,
			);
			name = AhitatTests;
			productName = AhitatTests;
			productReference = 0F3B5DAD214C435600B93F54 /* AhitatTests.xctest */;
			productType = "com.apple.product-type.bundle.unit-test";
		};
		0F3B5DB7214C435600B93F54 /* AhitatUITests */ = {
			isa = PBXNativeTarget;
			buildConfigurationList = 0F3B5DC7214C435600B93F54 /* Build configuration list for PBXNativeTarget "AhitatUITests" */;
			buildPhases = (
				BD29E99E4FAB7A7F372E9662 /* [CP] Check Pods Manifest.lock */,
				0F3B5DB4214C435600B93F54 /* Sources */,
				0F3B5DB5214C435600B93F54 /* Frameworks */,
				0F3B5DB6214C435600B93F54 /* Resources */,
			);
			buildRules = (
			);
			dependencies = (
				0F3B5DBA214C435600B93F54 /* PBXTargetDependency */,
			);
			name = AhitatUITests;
			productName = AhitatUITests;
			productReference = 0F3B5DB8214C435600B93F54 /* AhitatUITests.xctest */;
			productType = "com.apple.product-type.bundle.ui-testing";
		};
/* End PBXNativeTarget section */

/* Begin PBXProject section */
		0F3B5D91214C435500B93F54 /* Project object */ = {
			isa = PBXProject;
			attributes = {
				LastSwiftUpdateCheck = 0940;
				LastUpgradeCheck = 0940;
				ORGANIZATIONNAME = "Daniel Szasz";
				TargetAttributes = {
					0F3B5D98214C435500B93F54 = {
						CreatedOnToolsVersion = 9.4.1;
						LastSwiftMigration = 1010;
					};
					0F3B5DAC214C435600B93F54 = {
						CreatedOnToolsVersion = 9.4.1;
						LastSwiftMigration = 1010;
						TestTargetID = 0F3B5D98214C435500B93F54;
					};
					0F3B5DB7214C435600B93F54 = {
						CreatedOnToolsVersion = 9.4.1;
						LastSwiftMigration = 1010;
						TestTargetID = 0F3B5D98214C435500B93F54;
					};
				};
			};
			buildConfigurationList = 0F3B5D94214C435500B93F54 /* Build configuration list for PBXProject "Ahitat" */;
			compatibilityVersion = "Xcode 9.3";
			developmentRegion = en;
			hasScannedForEncodings = 0;
			knownRegions = (
				en,
				Base,
			);
			mainGroup = 0F3B5D90214C435500B93F54;
			productRefGroup = 0F3B5D9A214C435500B93F54 /* Products */;
			projectDirPath = "";
			projectRoot = "";
			targets = (
				0F3B5D98214C435500B93F54 /* Ahitat */,
				0F3B5DAC214C435600B93F54 /* AhitatTests */,
				0F3B5DB7214C435600B93F54 /* AhitatUITests */,
			);
		};
/* End PBXProject section */

/* Begin PBXResourcesBuildPhase section */
		0F3B5D97214C435500B93F54 /* Resources */ = {
			isa = PBXResourcesBuildPhase;
			buildActionMask = 2147483647;
			files = (
				0F057E4E21D39B29002559F2 /* CalendarView.xib in Resources */,
				0F3B5DA7214C435600B93F54 /* LaunchScreen.storyboard in Resources */,
				0F3B5DD7214D0A5000B93F54 /* devotional2017.sqlite in Resources */,
				0F057E5421D3A239002559F2 /* Localizable.strings in Resources */,
				0F3B5DCF214C4F6C00B93F54 /* MainViewController.xib in Resources */,
				0F3B5DA4214C435600B93F54 /* Assets.xcassets in Resources */,
				0F3B5DD3214C521E00B93F54 /* MenuViewController.xib in Resources */,
			);
			runOnlyForDeploymentPostprocessing = 0;
		};
		0F3B5DAB214C435600B93F54 /* Resources */ = {
			isa = PBXResourcesBuildPhase;
			buildActionMask = 2147483647;
			files = (
			);
			runOnlyForDeploymentPostprocessing = 0;
		};
		0F3B5DB6214C435600B93F54 /* Resources */ = {
			isa = PBXResourcesBuildPhase;
			buildActionMask = 2147483647;
			files = (
			);
			runOnlyForDeploymentPostprocessing = 0;
		};
/* End PBXResourcesBuildPhase section */

/* Begin PBXShellScriptBuildPhase section */
		67FE26574132E7F393A18A58 /* [CP] Check Pods Manifest.lock */ = {
			isa = PBXShellScriptBuildPhase;
			buildActionMask = 2147483647;
			files = (
			);
			inputPaths = (
				"${PODS_PODFILE_DIR_PATH}/Podfile.lock",
				"${PODS_ROOT}/Manifest.lock",
			);
			name = "[CP] Check Pods Manifest.lock";
			outputPaths = (
				"$(DERIVED_FILE_DIR)/Pods-AhitatTests-checkManifestLockResult.txt",
			);
			runOnlyForDeploymentPostprocessing = 0;
			shellPath = /bin/sh;
			shellScript = "diff \"${PODS_PODFILE_DIR_PATH}/Podfile.lock\" \"${PODS_ROOT}/Manifest.lock\" > /dev/null\nif [ $? != 0 ] ; then\n    # print error to STDERR\n    echo \"error: The sandbox is not in sync with the Podfile.lock. Run 'pod install' or update your CocoaPods installation.\" >&2\n    exit 1\nfi\n# This output is used by Xcode 'outputs' to avoid re-running this script phase.\necho \"SUCCESS\" > \"${SCRIPT_OUTPUT_FILE_0}\"\n";
			showEnvVarsInLog = 0;
		};
		76C986C41EEE168DB879CC16 /* [CP] Embed Pods Frameworks */ = {
			isa = PBXShellScriptBuildPhase;
			buildActionMask = 2147483647;
			files = (
			);
			inputPaths = (
				"${SRCROOT}/Pods/Target Support Files/Pods-Ahitat/Pods-Ahitat-frameworks.sh",
				"${BUILT_PRODUCTS_DIR}/SQLite.swift/SQLite.framework",
				"${BUILT_PRODUCTS_DIR}/SideMenu/SideMenu.framework",
			);
			name = "[CP] Embed Pods Frameworks";
			outputPaths = (
				"${TARGET_BUILD_DIR}/${FRAMEWORKS_FOLDER_PATH}/SQLite.framework",
				"${TARGET_BUILD_DIR}/${FRAMEWORKS_FOLDER_PATH}/SideMenu.framework",
			);
			runOnlyForDeploymentPostprocessing = 0;
			shellPath = /bin/sh;
			shellScript = "\"${SRCROOT}/Pods/Target Support Files/Pods-Ahitat/Pods-Ahitat-frameworks.sh\"\n";
			showEnvVarsInLog = 0;
		};
		A142E7EF0D0721F2C3AF6FF3 /* [CP] Check Pods Manifest.lock */ = {
			isa = PBXShellScriptBuildPhase;
			buildActionMask = 2147483647;
			files = (
			);
			inputPaths = (
				"${PODS_PODFILE_DIR_PATH}/Podfile.lock",
				"${PODS_ROOT}/Manifest.lock",
			);
			name = "[CP] Check Pods Manifest.lock";
			outputPaths = (
				"$(DERIVED_FILE_DIR)/Pods-Ahitat-checkManifestLockResult.txt",
			);
			runOnlyForDeploymentPostprocessing = 0;
			shellPath = /bin/sh;
			shellScript = "diff \"${PODS_PODFILE_DIR_PATH}/Podfile.lock\" \"${PODS_ROOT}/Manifest.lock\" > /dev/null\nif [ $? != 0 ] ; then\n    # print error to STDERR\n    echo \"error: The sandbox is not in sync with the Podfile.lock. Run 'pod install' or update your CocoaPods installation.\" >&2\n    exit 1\nfi\n# This output is used by Xcode 'outputs' to avoid re-running this script phase.\necho \"SUCCESS\" > \"${SCRIPT_OUTPUT_FILE_0}\"\n";
			showEnvVarsInLog = 0;
		};
		BD29E99E4FAB7A7F372E9662 /* [CP] Check Pods Manifest.lock */ = {
			isa = PBXShellScriptBuildPhase;
			buildActionMask = 2147483647;
			files = (
			);
			inputPaths = (
				"${PODS_PODFILE_DIR_PATH}/Podfile.lock",
				"${PODS_ROOT}/Manifest.lock",
			);
			name = "[CP] Check Pods Manifest.lock";
			outputPaths = (
				"$(DERIVED_FILE_DIR)/Pods-AhitatUITests-checkManifestLockResult.txt",
			);
			runOnlyForDeploymentPostprocessing = 0;
			shellPath = /bin/sh;
			shellScript = "diff \"${PODS_PODFILE_DIR_PATH}/Podfile.lock\" \"${PODS_ROOT}/Manifest.lock\" > /dev/null\nif [ $? != 0 ] ; then\n    # print error to STDERR\n    echo \"error: The sandbox is not in sync with the Podfile.lock. Run 'pod install' or update your CocoaPods installation.\" >&2\n    exit 1\nfi\n# This output is used by Xcode 'outputs' to avoid re-running this script phase.\necho \"SUCCESS\" > \"${SCRIPT_OUTPUT_FILE_0}\"\n";
			showEnvVarsInLog = 0;
		};
/* End PBXShellScriptBuildPhase section */

/* Begin PBXSourcesBuildPhase section */
		0F3B5D95214C435500B93F54 /* Sources */ = {
			isa = PBXSourcesBuildPhase;
			buildActionMask = 2147483647;
			files = (
				0F3B5DDB214D0C6700B93F54 /* DatabaseHandler.swift in Sources */,
				0F057E4921D39ACF002559F2 /* CustomView.swift in Sources */,
				0F3B5DD5214CFD7000B93F54 /* Ahitat + UINavigationController.swift in Sources */,
				0F057E5A21D3A4CC002559F2 /* Ahitat + UIFont.swift in Sources */,
				0F3B5D9D214C435500B93F54 /* AppDelegate.swift in Sources */,
				0F3B5DDE214D0D2F00B93F54 /* Meditation.swift in Sources */,
				0F057E4C21D39B11002559F2 /* CalendarView.swift in Sources */,
				0F3B5DE0214E890E00B93F54 /* DailyMeditation.swift in Sources */,
				0F3B5DD2214C521E00B93F54 /* MenuViewController.swift in Sources */,
				0F3B5DCE214C4F6C00B93F54 /* MainViewController.swift in Sources */,
				0F057E5021D39BB2002559F2 /* Box.swift in Sources */,
				0F057E5821D3A498002559F2 /* Ahitat + UIColor.swift in Sources */,
			);
			runOnlyForDeploymentPostprocessing = 0;
		};
		0F3B5DA9214C435600B93F54 /* Sources */ = {
			isa = PBXSourcesBuildPhase;
			buildActionMask = 2147483647;
			files = (
				0F3B5DB2214C435600B93F54 /* AhitatTests.swift in Sources */,
			);
			runOnlyForDeploymentPostprocessing = 0;
		};
		0F3B5DB4214C435600B93F54 /* Sources */ = {
			isa = PBXSourcesBuildPhase;
			buildActionMask = 2147483647;
			files = (
				0F3B5DBD214C435600B93F54 /* AhitatUITests.swift in Sources */,
			);
			runOnlyForDeploymentPostprocessing = 0;
		};
/* End PBXSourcesBuildPhase section */

/* Begin PBXTargetDependency section */
		0F3B5DAF214C435600B93F54 /* PBXTargetDependency */ = {
			isa = PBXTargetDependency;
			target = 0F3B5D98214C435500B93F54 /* Ahitat */;
			targetProxy = 0F3B5DAE214C435600B93F54 /* PBXContainerItemProxy */;
		};
		0F3B5DBA214C435600B93F54 /* PBXTargetDependency */ = {
			isa = PBXTargetDependency;
			target = 0F3B5D98214C435500B93F54 /* Ahitat */;
			targetProxy = 0F3B5DB9214C435600B93F54 /* PBXContainerItemProxy */;
		};
/* End PBXTargetDependency section */

/* Begin PBXVariantGroup section */
		0F057E5621D3A239002559F2 /* Localizable.strings */ = {
			isa = PBXVariantGroup;
			children = (
				0F057E5521D3A239002559F2 /* hu-HU */,
			);
			name = Localizable.strings;
			sourceTree = "<group>";
		};
		0F3B5DA5214C435600B93F54 /* LaunchScreen.storyboard */ = {
			isa = PBXVariantGroup;
			children = (
				0F3B5DA6214C435600B93F54 /* Base */,
				0F057E5121D3A1F6002559F2 /* hu-HU */,
			);
			name = LaunchScreen.storyboard;
			sourceTree = "<group>";
		};
/* End PBXVariantGroup section */

/* Begin XCBuildConfiguration section */
		0F3B5DBF214C435600B93F54 /* Debug */ = {
			isa = XCBuildConfiguration;
			buildSettings = {
				ALWAYS_SEARCH_USER_PATHS = NO;
				CLANG_ANALYZER_LOCALIZABILITY_NONLOCALIZED = YES;
				CLANG_ANALYZER_NONNULL = YES;
				CLANG_ANALYZER_NUMBER_OBJECT_CONVERSION = YES_AGGRESSIVE;
				CLANG_CXX_LANGUAGE_STANDARD = "gnu++14";
				CLANG_CXX_LIBRARY = "libc++";
				CLANG_ENABLE_MODULES = YES;
				CLANG_ENABLE_OBJC_ARC = YES;
				CLANG_ENABLE_OBJC_WEAK = YES;
				CLANG_WARN_BLOCK_CAPTURE_AUTORELEASING = YES;
				CLANG_WARN_BOOL_CONVERSION = YES;
				CLANG_WARN_COMMA = YES;
				CLANG_WARN_CONSTANT_CONVERSION = YES;
				CLANG_WARN_DEPRECATED_OBJC_IMPLEMENTATIONS = YES;
				CLANG_WARN_DIRECT_OBJC_ISA_USAGE = YES_ERROR;
				CLANG_WARN_DOCUMENTATION_COMMENTS = YES;
				CLANG_WARN_EMPTY_BODY = YES;
				CLANG_WARN_ENUM_CONVERSION = YES;
				CLANG_WARN_INFINITE_RECURSION = YES;
				CLANG_WARN_INT_CONVERSION = YES;
				CLANG_WARN_NON_LITERAL_NULL_CONVERSION = YES;
				CLANG_WARN_OBJC_IMPLICIT_RETAIN_SELF = YES;
				CLANG_WARN_OBJC_LITERAL_CONVERSION = YES;
				CLANG_WARN_OBJC_ROOT_CLASS = YES_ERROR;
				CLANG_WARN_RANGE_LOOP_ANALYSIS = YES;
				CLANG_WARN_STRICT_PROTOTYPES = YES;
				CLANG_WARN_SUSPICIOUS_MOVE = YES;
				CLANG_WARN_UNGUARDED_AVAILABILITY = YES_AGGRESSIVE;
				CLANG_WARN_UNREACHABLE_CODE = YES;
				CLANG_WARN__DUPLICATE_METHOD_MATCH = YES;
				CODE_SIGN_IDENTITY = "iPhone Developer";
				COPY_PHASE_STRIP = NO;
				DEBUG_INFORMATION_FORMAT = dwarf;
				ENABLE_STRICT_OBJC_MSGSEND = YES;
				ENABLE_TESTABILITY = YES;
				GCC_C_LANGUAGE_STANDARD = gnu11;
				GCC_DYNAMIC_NO_PIC = NO;
				GCC_NO_COMMON_BLOCKS = YES;
				GCC_OPTIMIZATION_LEVEL = 0;
				GCC_PREPROCESSOR_DEFINITIONS = (
					"DEBUG=1",
					"$(inherited)",
				);
				GCC_WARN_64_TO_32_BIT_CONVERSION = YES;
				GCC_WARN_ABOUT_RETURN_TYPE = YES_ERROR;
				GCC_WARN_UNDECLARED_SELECTOR = YES;
				GCC_WARN_UNINITIALIZED_AUTOS = YES_AGGRESSIVE;
				GCC_WARN_UNUSED_FUNCTION = YES;
				GCC_WARN_UNUSED_VARIABLE = YES;
				IPHONEOS_DEPLOYMENT_TARGET = 11.4;
				MTL_ENABLE_DEBUG_INFO = YES;
				ONLY_ACTIVE_ARCH = YES;
				SDKROOT = iphoneos;
				SWIFT_ACTIVE_COMPILATION_CONDITIONS = DEBUG;
				SWIFT_OPTIMIZATION_LEVEL = "-Onone";
			};
			name = Debug;
		};
		0F3B5DC0214C435600B93F54 /* Release */ = {
			isa = XCBuildConfiguration;
			buildSettings = {
				ALWAYS_SEARCH_USER_PATHS = NO;
				CLANG_ANALYZER_LOCALIZABILITY_NONLOCALIZED = YES;
				CLANG_ANALYZER_NONNULL = YES;
				CLANG_ANALYZER_NUMBER_OBJECT_CONVERSION = YES_AGGRESSIVE;
				CLANG_CXX_LANGUAGE_STANDARD = "gnu++14";
				CLANG_CXX_LIBRARY = "libc++";
				CLANG_ENABLE_MODULES = YES;
				CLANG_ENABLE_OBJC_ARC = YES;
				CLANG_ENABLE_OBJC_WEAK = YES;
				CLANG_WARN_BLOCK_CAPTURE_AUTORELEASING = YES;
				CLANG_WARN_BOOL_CONVERSION = YES;
				CLANG_WARN_COMMA = YES;
				CLANG_WARN_CONSTANT_CONVERSION = YES;
				CLANG_WARN_DEPRECATED_OBJC_IMPLEMENTATIONS = YES;
				CLANG_WARN_DIRECT_OBJC_ISA_USAGE = YES_ERROR;
				CLANG_WARN_DOCUMENTATION_COMMENTS = YES;
				CLANG_WARN_EMPTY_BODY = YES;
				CLANG_WARN_ENUM_CONVERSION = YES;
				CLANG_WARN_INFINITE_RECURSION = YES;
				CLANG_WARN_INT_CONVERSION = YES;
				CLANG_WARN_NON_LITERAL_NULL_CONVERSION = YES;
				CLANG_WARN_OBJC_IMPLICIT_RETAIN_SELF = YES;
				CLANG_WARN_OBJC_LITERAL_CONVERSION = YES;
				CLANG_WARN_OBJC_ROOT_CLASS = YES_ERROR;
				CLANG_WARN_RANGE_LOOP_ANALYSIS = YES;
				CLANG_WARN_STRICT_PROTOTYPES = YES;
				CLANG_WARN_SUSPICIOUS_MOVE = YES;
				CLANG_WARN_UNGUARDED_AVAILABILITY = YES_AGGRESSIVE;
				CLANG_WARN_UNREACHABLE_CODE = YES;
				CLANG_WARN__DUPLICATE_METHOD_MATCH = YES;
				CODE_SIGN_IDENTITY = "iPhone Developer";
				COPY_PHASE_STRIP = NO;
				DEBUG_INFORMATION_FORMAT = "dwarf-with-dsym";
				ENABLE_NS_ASSERTIONS = NO;
				ENABLE_STRICT_OBJC_MSGSEND = YES;
				GCC_C_LANGUAGE_STANDARD = gnu11;
				GCC_NO_COMMON_BLOCKS = YES;
				GCC_WARN_64_TO_32_BIT_CONVERSION = YES;
				GCC_WARN_ABOUT_RETURN_TYPE = YES_ERROR;
				GCC_WARN_UNDECLARED_SELECTOR = YES;
				GCC_WARN_UNINITIALIZED_AUTOS = YES_AGGRESSIVE;
				GCC_WARN_UNUSED_FUNCTION = YES;
				GCC_WARN_UNUSED_VARIABLE = YES;
				IPHONEOS_DEPLOYMENT_TARGET = 11.4;
				MTL_ENABLE_DEBUG_INFO = NO;
				SDKROOT = iphoneos;
				SWIFT_COMPILATION_MODE = wholemodule;
				SWIFT_OPTIMIZATION_LEVEL = "-O";
				VALIDATE_PRODUCT = YES;
			};
			name = Release;
		};
		0F3B5DC2214C435600B93F54 /* Debug */ = {
			isa = XCBuildConfiguration;
			baseConfigurationReference = FB0D583666858D87A4597266 /* Pods-Ahitat.debug.xcconfig */;
			buildSettings = {
				ASSETCATALOG_COMPILER_APPICON_NAME = AppIcon;
				CODE_SIGN_STYLE = Automatic;
				DEVELOPMENT_TEAM = WKC3H7A7ZG;
				INFOPLIST_FILE = Ahitat/Info.plist;
				LD_RUNPATH_SEARCH_PATHS = (
					"$(inherited)",
					"@executable_path/Frameworks",
				);
				PRODUCT_BUNDLE_IDENTIFIER = com.danielszasz.Ahitat;
				PRODUCT_NAME = "$(TARGET_NAME)";
				SWIFT_VERSION = 4.2;
				TARGETED_DEVICE_FAMILY = "1,2";
			};
			name = Debug;
		};
		0F3B5DC3214C435600B93F54 /* Release */ = {
			isa = XCBuildConfiguration;
			baseConfigurationReference = 353D3B72D34834E3F82CE665 /* Pods-Ahitat.release.xcconfig */;
			buildSettings = {
				ASSETCATALOG_COMPILER_APPICON_NAME = AppIcon;
				CODE_SIGN_STYLE = Automatic;
				DEVELOPMENT_TEAM = WKC3H7A7ZG;
				INFOPLIST_FILE = Ahitat/Info.plist;
				LD_RUNPATH_SEARCH_PATHS = (
					"$(inherited)",
					"@executable_path/Frameworks",
				);
				PRODUCT_BUNDLE_IDENTIFIER = com.danielszasz.Ahitat;
				PRODUCT_NAME = "$(TARGET_NAME)";
				SWIFT_VERSION = 4.2;
				TARGETED_DEVICE_FAMILY = "1,2";
			};
			name = Release;
		};
		0F3B5DC5214C435600B93F54 /* Debug */ = {
			isa = XCBuildConfiguration;
			baseConfigurationReference = 8409BFBE338F845E044BFB58 /* Pods-AhitatTests.debug.xcconfig */;
			buildSettings = {
				ALWAYS_EMBED_SWIFT_STANDARD_LIBRARIES = YES;
				BUNDLE_LOADER = "$(TEST_HOST)";
				CODE_SIGN_STYLE = Automatic;
				DEVELOPMENT_TEAM = WKC3H7A7ZG;
				INFOPLIST_FILE = AhitatTests/Info.plist;
				LD_RUNPATH_SEARCH_PATHS = (
					"$(inherited)",
					"@executable_path/Frameworks",
					"@loader_path/Frameworks",
				);
				PRODUCT_BUNDLE_IDENTIFIER = com.danielszasz.AhitatTests;
				PRODUCT_NAME = "$(TARGET_NAME)";
				SWIFT_VERSION = 4.2;
				TARGETED_DEVICE_FAMILY = "1,2";
				TEST_HOST = "$(BUILT_PRODUCTS_DIR)/Ahitat.app/Ahitat";
			};
			name = Debug;
		};
		0F3B5DC6214C435600B93F54 /* Release */ = {
			isa = XCBuildConfiguration;
			baseConfigurationReference = A6F18AFE734C4EA497A2D072 /* Pods-AhitatTests.release.xcconfig */;
			buildSettings = {
				ALWAYS_EMBED_SWIFT_STANDARD_LIBRARIES = YES;
				BUNDLE_LOADER = "$(TEST_HOST)";
				CODE_SIGN_STYLE = Automatic;
				DEVELOPMENT_TEAM = WKC3H7A7ZG;
				INFOPLIST_FILE = AhitatTests/Info.plist;
				LD_RUNPATH_SEARCH_PATHS = (
					"$(inherited)",
					"@executable_path/Frameworks",
					"@loader_path/Frameworks",
				);
				PRODUCT_BUNDLE_IDENTIFIER = com.danielszasz.AhitatTests;
				PRODUCT_NAME = "$(TARGET_NAME)";
				SWIFT_VERSION = 4.2;
				TARGETED_DEVICE_FAMILY = "1,2";
				TEST_HOST = "$(BUILT_PRODUCTS_DIR)/Ahitat.app/Ahitat";
			};
			name = Release;
		};
		0F3B5DC8214C435600B93F54 /* Debug */ = {
			isa = XCBuildConfiguration;
			baseConfigurationReference = B36FEAD06D1B26A2D3C2B6F3 /* Pods-AhitatUITests.debug.xcconfig */;
			buildSettings = {
				ALWAYS_EMBED_SWIFT_STANDARD_LIBRARIES = YES;
				CODE_SIGN_STYLE = Automatic;
				DEVELOPMENT_TEAM = WKC3H7A7ZG;
				INFOPLIST_FILE = AhitatUITests/Info.plist;
				LD_RUNPATH_SEARCH_PATHS = (
					"$(inherited)",
					"@executable_path/Frameworks",
					"@loader_path/Frameworks",
				);
				PRODUCT_BUNDLE_IDENTIFIER = com.danielszasz.AhitatUITests;
				PRODUCT_NAME = "$(TARGET_NAME)";
				SWIFT_VERSION = 4.2;
				TARGETED_DEVICE_FAMILY = "1,2";
				TEST_TARGET_NAME = Ahitat;
			};
			name = Debug;
		};
		0F3B5DC9214C435600B93F54 /* Release */ = {
			isa = XCBuildConfiguration;
			baseConfigurationReference = 34D5302D79E059E9A99A295E /* Pods-AhitatUITests.release.xcconfig */;
			buildSettings = {
				ALWAYS_EMBED_SWIFT_STANDARD_LIBRARIES = YES;
				CODE_SIGN_STYLE = Automatic;
				DEVELOPMENT_TEAM = WKC3H7A7ZG;
				INFOPLIST_FILE = AhitatUITests/Info.plist;
				LD_RUNPATH_SEARCH_PATHS = (
					"$(inherited)",
					"@executable_path/Frameworks",
					"@loader_path/Frameworks",
				);
				PRODUCT_BUNDLE_IDENTIFIER = com.danielszasz.AhitatUITests;
				PRODUCT_NAME = "$(TARGET_NAME)";
				SWIFT_VERSION = 4.2;
				TARGETED_DEVICE_FAMILY = "1,2";
				TEST_TARGET_NAME = Ahitat;
			};
			name = Release;
		};
/* End XCBuildConfiguration section */

/* Begin XCConfigurationList section */
		0F3B5D94214C435500B93F54 /* Build configuration list for PBXProject "Ahitat" */ = {
			isa = XCConfigurationList;
			buildConfigurations = (
				0F3B5DBF214C435600B93F54 /* Debug */,
				0F3B5DC0214C435600B93F54 /* Release */,
			);
			defaultConfigurationIsVisible = 0;
			defaultConfigurationName = Release;
		};
		0F3B5DC1214C435600B93F54 /* Build configuration list for PBXNativeTarget "Ahitat" */ = {
			isa = XCConfigurationList;
			buildConfigurations = (
				0F3B5DC2214C435600B93F54 /* Debug */,
				0F3B5DC3214C435600B93F54 /* Release */,
			);
			defaultConfigurationIsVisible = 0;
			defaultConfigurationName = Release;
		};
		0F3B5DC4214C435600B93F54 /* Build configuration list for PBXNativeTarget "AhitatTests" */ = {
			isa = XCConfigurationList;
			buildConfigurations = (
				0F3B5DC5214C435600B93F54 /* Debug */,
				0F3B5DC6214C435600B93F54 /* Release */,
			);
			defaultConfigurationIsVisible = 0;
			defaultConfigurationName = Release;
		};
		0F3B5DC7214C435600B93F54 /* Build configuration list for PBXNativeTarget "AhitatUITests" */ = {
			isa = XCConfigurationList;
			buildConfigurations = (
				0F3B5DC8214C435600B93F54 /* Debug */,
				0F3B5DC9214C435600B93F54 /* Release */,
			);
			defaultConfigurationIsVisible = 0;
			defaultConfigurationName = Release;
		};
/* End XCConfigurationList section */
	};
	rootObject = 0F3B5D91214C435500B93F54 /* Project object */;
}
